
Microsoft Visual Studio Solution File, Format Version 12.00
# Visual Studio Version 17
VisualStudioVersion = 17.5.33516.290
MinimumVisualStudioVersion = 10.0.40219.1
Project("{FAE04EC0-301F-11D3-BF4B-00C04F79EFBC}") = "VersioningWithQueryStringAPI", "VersioningWithQueryStringAPI\VersioningWithQueryStringAPI.csproj", "{AC12D520-C8CF-4DEB-92BC-873D113DE0EC}"
EndProject
Global
	GlobalSection(SolutionConfigurationPlatforms) = preSolution
		Debug|Any CPU = Debug|Any CPU
		Release|Any CPU = Release|Any CPU
	EndGlobalSection
	GlobalSection(ProjectConfigurationPlatforms) = postSolution
		{AC12D520-C8CF-4DEB-92BC-873D113DE0EC}.Debug|Any CPU.ActiveCfg = Debug|Any CPU
		{AC12D520-C8CF-4DEB-92BC-873D113DE0EC}.Debug|Any CPU.Build.0 = Debug|Any CPU
		{AC12D520-C8CF-4DEB-92BC-873D113DE0EC}.Release|Any CPU.ActiveCfg = Release|Any CPU
		{AC12D520-C8CF-4DEB-92BC-873D113DE0EC}.Release|Any CPU.Build.0 = Release|Any CPU
	EndGlobalSection
	GlobalSection(SolutionProperties) = preSolution
		HideSolutionNode = FALSE
	EndGlobalSection
	GlobalSection(ExtensibilityGlobals) = postSolution
		SolutionGuid = {6D27EE93-2BC3-4F6C-9020-88DF747E96AD}
	EndGlobalSection
EndGlobal
