
Microsoft Visual Studio Solution File, Format Version 12.00
# Visual Studio Version 17
VisualStudioVersion = 17.5.33516.290
MinimumVisualStudioVersion = 10.0.40219.1
Project("{FAE04EC0-301F-11D3-BF4B-00C04F79EFBC}") = "AspDotNetCoreRequestProcessingPipeline", "AspDotNetCoreRequestProcessingPipeline\AspDotNetCoreRequestProcessingPipeline.csproj", "{2B20F03B-1E2E-4E3B-958F-9DDE3586AAAE}"
EndProject
Global
	GlobalSection(SolutionConfigurationPlatforms) = preSolution
		Debug|Any CPU = Debug|Any CPU
		Release|Any CPU = Release|Any CPU
	EndGlobalSection
	GlobalSection(ProjectConfigurationPlatforms) = postSolution
		{2B20F03B-1E2E-4E3B-958F-9DDE3586AAAE}.Debug|Any CPU.ActiveCfg = Debug|Any CPU
		{2B20F03B-1E2E-4E3B-958F-9DDE3586AAAE}.Debug|Any CPU.Build.0 = Debug|Any CPU
		{2B20F03B-1E2E-4E3B-958F-9DDE3586AAAE}.Release|Any CPU.ActiveCfg = Release|Any CPU
		{2B20F03B-1E2E-4E3B-958F-9DDE3586AAAE}.Release|Any CPU.Build.0 = Release|Any CPU
	EndGlobalSection
	GlobalSection(SolutionProperties) = preSolution
		HideSolutionNode = FALSE
	EndGlobalSection
	GlobalSection(ExtensibilityGlobals) = postSolution
		SolutionGuid = {FB106E28-B92A-4C35-BEBC-B253E7C62C29}
	EndGlobalSection
EndGlobal
