
Microsoft Visual Studio Solution File, Format Version 12.00
# Visual Studio Version 17
VisualStudioVersion = 17.7.34024.191
MinimumVisualStudioVersion = 10.0.40219.1
Project("{FAE04EC0-301F-11D3-BF4B-00C04F79EFBC}") = "AbstractDemo", "AbstractDemo\AbstractDemo.csproj", "{5566D46B-473A-4C98-8D1B-C32B64AF6703}"
EndProject
Global
	GlobalSection(SolutionConfigurationPlatforms) = preSolution
		Debug|Any CPU = Debug|Any CPU
		Release|Any CPU = Release|Any CPU
	EndGlobalSection
	GlobalSection(ProjectConfigurationPlatforms) = postSolution
		{5566D46B-473A-4C98-8D1B-C32B64AF6703}.Debug|Any CPU.ActiveCfg = Debug|Any CPU
		{5566D46B-473A-4C98-8D1B-C32B64AF6703}.Debug|Any CPU.Build.0 = Debug|Any CPU
		{5566D46B-473A-4C98-8D1B-C32B64AF6703}.Release|Any CPU.ActiveCfg = Release|Any CPU
		{5566D46B-473A-4C98-8D1B-C32B64AF6703}.Release|Any CPU.Build.0 = Release|Any CPU
	EndGlobalSection
	GlobalSection(SolutionProperties) = preSolution
		HideSolutionNode = FALSE
	EndGlobalSection
	GlobalSection(ExtensibilityGlobals) = postSolution
		SolutionGuid = {B7814955-D8EE-4748-9C4A-89920902FC3A}
	EndGlobalSection
EndGlobal
