
Microsoft Visual Studio Solution File, Format Version 12.00
# Visual Studio Version 17
VisualStudioVersion = 17.5.33516.290
MinimumVisualStudioVersion = 10.0.40219.1
Project("{FAE04EC0-301F-11D3-BF4B-00C04F79EFBC}") = "HttpCachingAPI", "HttpCachingAPI\HttpCachingAPI.csproj", "{0455498E-0ED0-4E9B-9C84-B95036B4E28C}"
EndProject
Global
	GlobalSection(SolutionConfigurationPlatforms) = preSolution
		Debug|Any CPU = Debug|Any CPU
		Release|Any CPU = Release|Any CPU
	EndGlobalSection
	GlobalSection(ProjectConfigurationPlatforms) = postSolution
		{0455498E-0ED0-4E9B-9C84-B95036B4E28C}.Debug|Any CPU.ActiveCfg = Debug|Any CPU
		{0455498E-0ED0-4E9B-9C84-B95036B4E28C}.Debug|Any CPU.Build.0 = Debug|Any CPU
		{0455498E-0ED0-4E9B-9C84-B95036B4E28C}.Release|Any CPU.ActiveCfg = Release|Any CPU
		{0455498E-0ED0-4E9B-9C84-B95036B4E28C}.Release|Any CPU.Build.0 = Release|Any CPU
	EndGlobalSection
	GlobalSection(SolutionProperties) = preSolution
		HideSolutionNode = FALSE
	EndGlobalSection
	GlobalSection(ExtensibilityGlobals) = postSolution
		SolutionGuid = {D99E4368-5113-4BA5-BDD5-8339A5B9E700}
	EndGlobalSection
EndGlobal
