
Microsoft Visual Studio Solution File, Format Version 12.00
# Visual Studio Version 17
VisualStudioVersion = 17.5.33516.290
MinimumVisualStudioVersion = 10.0.40219.1
Project("{FAE04EC0-301F-11D3-BF4B-00C04F79EFBC}") = "LinqListDemo", "LinqListDemo\LinqListDemo.csproj", "{78CAB5FA-1779-4AAD-9CED-7BF86C2D2575}"
EndProject
Global
	GlobalSection(SolutionConfigurationPlatforms) = preSolution
		Debug|Any CPU = Debug|Any CPU
		Release|Any CPU = Release|Any CPU
	EndGlobalSection
	GlobalSection(ProjectConfigurationPlatforms) = postSolution
		{78CAB5FA-1779-4AAD-9CED-7BF86C2D2575}.Debug|Any CPU.ActiveCfg = Debug|Any CPU
		{78CAB5FA-1779-4AAD-9CED-7BF86C2D2575}.Debug|Any CPU.Build.0 = Debug|Any CPU
		{78CAB5FA-1779-4AAD-9CED-7BF86C2D2575}.Release|Any CPU.ActiveCfg = Release|Any CPU
		{78CAB5FA-1779-4AAD-9CED-7BF86C2D2575}.Release|Any CPU.Build.0 = Release|Any CPU
	EndGlobalSection
	GlobalSection(SolutionProperties) = preSolution
		HideSolutionNode = FALSE
	EndGlobalSection
	GlobalSection(ExtensibilityGlobals) = postSolution
		SolutionGuid = {D8C8329E-6CA5-4DAF-8686-DAC7E1A2EECA}
	EndGlobalSection
EndGlobal
