
Microsoft Visual Studio Solution File, Format Version 12.00
# Visual Studio Version 17
VisualStudioVersion = 17.7.34024.191
MinimumVisualStudioVersion = 10.0.40219.1
Project("{FAE04EC0-301F-11D3-BF4B-00C04F79EFBC}") = "Enumerationdemo", "Enumerationdemo\Enumerationdemo.csproj", "{F964C64C-7595-4D4D-B561-D4CE49FC6A49}"
EndProject
Global
	GlobalSection(SolutionConfigurationPlatforms) = preSolution
		Debug|Any CPU = Debug|Any CPU
		Release|Any CPU = Release|Any CPU
	EndGlobalSection
	GlobalSection(ProjectConfigurationPlatforms) = postSolution
		{F964C64C-7595-4D4D-B561-D4CE49FC6A49}.Debug|Any CPU.ActiveCfg = Debug|Any CPU
		{F964C64C-7595-4D4D-B561-D4CE49FC6A49}.Debug|Any CPU.Build.0 = Debug|Any CPU
		{F964C64C-7595-4D4D-B561-D4CE49FC6A49}.Release|Any CPU.ActiveCfg = Release|Any CPU
		{F964C64C-7595-4D4D-B561-D4CE49FC6A49}.Release|Any CPU.Build.0 = Release|Any CPU
	EndGlobalSection
	GlobalSection(SolutionProperties) = preSolution
		HideSolutionNode = FALSE
	EndGlobalSection
	GlobalSection(ExtensibilityGlobals) = postSolution
		SolutionGuid = {8EC01807-FDEF-496A-98D9-15F551D10920}
	EndGlobalSection
EndGlobal
