
Microsoft Visual Studio Solution File, Format Version 12.00
# Visual Studio Version 17
VisualStudioVersion = 17.5.33516.290
MinimumVisualStudioVersion = 10.0.40219.1
Project("{FAE04EC0-301F-11D3-BF4B-00C04F79EFBC}") = "SchoolManagementAPI", "SchoolManagementAPI\SchoolManagementAPI.csproj", "{B0303182-74DA-44FA-867D-2CA83CE9330F}"
EndProject
Global
	GlobalSection(SolutionConfigurationPlatforms) = preSolution
		Debug|Any CPU = Debug|Any CPU
		Release|Any CPU = Release|Any CPU
	EndGlobalSection
	GlobalSection(ProjectConfigurationPlatforms) = postSolution
		{B0303182-74DA-44FA-867D-2CA83CE9330F}.Debug|Any CPU.ActiveCfg = Debug|Any CPU
		{B0303182-74DA-44FA-867D-2CA83CE9330F}.Debug|Any CPU.Build.0 = Debug|Any CPU
		{B0303182-74DA-44FA-867D-2CA83CE9330F}.Release|Any CPU.ActiveCfg = Release|Any CPU
		{B0303182-74DA-44FA-867D-2CA83CE9330F}.Release|Any CPU.Build.0 = Release|Any CPU
	EndGlobalSection
	GlobalSection(SolutionProperties) = preSolution
		HideSolutionNode = FALSE
	EndGlobalSection
	GlobalSection(ExtensibilityGlobals) = postSolution
		SolutionGuid = {6E8DF364-079A-41BA-97D8-4A5144571994}
	EndGlobalSection
EndGlobal
