
Microsoft Visual Studio Solution File, Format Version 12.00
# Visual Studio Version 17
VisualStudioVersion = 17.7.34024.191
MinimumVisualStudioVersion = 10.0.40219.1
Project("{FAE04EC0-301F-11D3-BF4B-00C04F79EFBC}") = "AbstarctClassDemo", "AbstarctClassDemo\AbstarctClassDemo.csproj", "{C1B33871-0847-4814-9653-20F9AFF52A73}"
EndProject
Global
	GlobalSection(SolutionConfigurationPlatforms) = preSolution
		Debug|Any CPU = Debug|Any CPU
		Release|Any CPU = Release|Any CPU
	EndGlobalSection
	GlobalSection(ProjectConfigurationPlatforms) = postSolution
		{C1B33871-0847-4814-9653-20F9AFF52A73}.Debug|Any CPU.ActiveCfg = Debug|Any CPU
		{C1B33871-0847-4814-9653-20F9AFF52A73}.Debug|Any CPU.Build.0 = Debug|Any CPU
		{C1B33871-0847-4814-9653-20F9AFF52A73}.Release|Any CPU.ActiveCfg = Release|Any CPU
		{C1B33871-0847-4814-9653-20F9AFF52A73}.Release|Any CPU.Build.0 = Release|Any CPU
	EndGlobalSection
	GlobalSection(SolutionProperties) = preSolution
		HideSolutionNode = FALSE
	EndGlobalSection
	GlobalSection(ExtensibilityGlobals) = postSolution
		SolutionGuid = {8CD1B41F-011D-4D35-9060-452087E17063}
	EndGlobalSection
EndGlobal
