
Microsoft Visual Studio Solution File, Format Version 12.00
# Visual Studio Version 17
VisualStudioVersion = 17.5.33516.290
MinimumVisualStudioVersion = 10.0.40219.1
Project("{FAE04EC0-301F-11D3-BF4B-00C04F79EFBC}") = "OnlineShoopingApp", "OnlineShoopingApp\OnlineShoopingApp.csproj", "{BCD652DA-7C37-445D-8753-2E61947CBDE6}"
EndProject
Global
	GlobalSection(SolutionConfigurationPlatforms) = preSolution
		Debug|Any CPU = Debug|Any CPU
		Release|Any CPU = Release|Any CPU
	EndGlobalSection
	GlobalSection(ProjectConfigurationPlatforms) = postSolution
		{BCD652DA-7C37-445D-8753-2E61947CBDE6}.Debug|Any CPU.ActiveCfg = Debug|Any CPU
		{BCD652DA-7C37-445D-8753-2E61947CBDE6}.Debug|Any CPU.Build.0 = Debug|Any CPU
		{BCD652DA-7C37-445D-8753-2E61947CBDE6}.Release|Any CPU.ActiveCfg = Release|Any CPU
		{BCD652DA-7C37-445D-8753-2E61947CBDE6}.Release|Any CPU.Build.0 = Release|Any CPU
	EndGlobalSection
	GlobalSection(SolutionProperties) = preSolution
		HideSolutionNode = FALSE
	EndGlobalSection
	GlobalSection(ExtensibilityGlobals) = postSolution
		SolutionGuid = {65C6B5EA-233C-4A63-9C3A-6EF38F3D9C23}
	EndGlobalSection
EndGlobal
