
Microsoft Visual Studio Solution File, Format Version 12.00
# Visual Studio Version 17
VisualStudioVersion = 17.5.33516.290
MinimumVisualStudioVersion = 10.0.40219.1
Project("{FAE04EC0-301F-11D3-BF4B-00C04F79EFBC}") = "OnlineShoppingAPI", "OnlineShoppingAPI\OnlineShoppingAPI.csproj", "{EC2C4713-C543-4226-AC09-62B82A7ABCFC}"
EndProject
Global
	GlobalSection(SolutionConfigurationPlatforms) = preSolution
		Debug|Any CPU = Debug|Any CPU
		Release|Any CPU = Release|Any CPU
	EndGlobalSection
	GlobalSection(ProjectConfigurationPlatforms) = postSolution
		{EC2C4713-C543-4226-AC09-62B82A7ABCFC}.Debug|Any CPU.ActiveCfg = Debug|Any CPU
		{EC2C4713-C543-4226-AC09-62B82A7ABCFC}.Debug|Any CPU.Build.0 = Debug|Any CPU
		{EC2C4713-C543-4226-AC09-62B82A7ABCFC}.Release|Any CPU.ActiveCfg = Release|Any CPU
		{EC2C4713-C543-4226-AC09-62B82A7ABCFC}.Release|Any CPU.Build.0 = Release|Any CPU
	EndGlobalSection
	GlobalSection(SolutionProperties) = preSolution
		HideSolutionNode = FALSE
	EndGlobalSection
	GlobalSection(ExtensibilityGlobals) = postSolution
		SolutionGuid = {90B77FA0-90B4-4557-8207-70E5B4ECEEAE}
	EndGlobalSection
EndGlobal
