
Microsoft Visual Studio Solution File, Format Version 12.00
# Visual Studio Version 17
VisualStudioVersion = 17.7.34024.191
MinimumVisualStudioVersion = 10.0.40219.1
Project("{FAE04EC0-301F-11D3-BF4B-00C04F79EFBC}") = "LambdaExpression", "LambdaExpression\LambdaExpression.csproj", "{CD620A54-7154-40FA-8C04-72A2B8CF83C1}"
EndProject
Global
	GlobalSection(SolutionConfigurationPlatforms) = preSolution
		Debug|Any CPU = Debug|Any CPU
		Release|Any CPU = Release|Any CPU
	EndGlobalSection
	GlobalSection(ProjectConfigurationPlatforms) = postSolution
		{CD620A54-7154-40FA-8C04-72A2B8CF83C1}.Debug|Any CPU.ActiveCfg = Debug|Any CPU
		{CD620A54-7154-40FA-8C04-72A2B8CF83C1}.Debug|Any CPU.Build.0 = Debug|Any CPU
		{CD620A54-7154-40FA-8C04-72A2B8CF83C1}.Release|Any CPU.ActiveCfg = Release|Any CPU
		{CD620A54-7154-40FA-8C04-72A2B8CF83C1}.Release|Any CPU.Build.0 = Release|Any CPU
	EndGlobalSection
	GlobalSection(SolutionProperties) = preSolution
		HideSolutionNode = FALSE
	EndGlobalSection
	GlobalSection(ExtensibilityGlobals) = postSolution
		SolutionGuid = {F1F50E1B-6FA6-4892-8DC8-AD050D12CE01}
	EndGlobalSection
EndGlobal
