
Microsoft Visual Studio Solution File, Format Version 12.00
# Visual Studio Version 17
VisualStudioVersion = 17.7.34024.191
MinimumVisualStudioVersion = 10.0.40219.1
Project("{FAE04EC0-301F-11D3-BF4B-00C04F79EFBC}") = "IndexersDemo", "IndexersDemo\IndexersDemo.csproj", "{986715B4-1613-42B1-9D73-BD21D29F73E9}"
EndProject
Global
	GlobalSection(SolutionConfigurationPlatforms) = preSolution
		Debug|Any CPU = Debug|Any CPU
		Release|Any CPU = Release|Any CPU
	EndGlobalSection
	GlobalSection(ProjectConfigurationPlatforms) = postSolution
		{986715B4-1613-42B1-9D73-BD21D29F73E9}.Debug|Any CPU.ActiveCfg = Debug|Any CPU
		{986715B4-1613-42B1-9D73-BD21D29F73E9}.Debug|Any CPU.Build.0 = Debug|Any CPU
		{986715B4-1613-42B1-9D73-BD21D29F73E9}.Release|Any CPU.ActiveCfg = Release|Any CPU
		{986715B4-1613-42B1-9D73-BD21D29F73E9}.Release|Any CPU.Build.0 = Release|Any CPU
	EndGlobalSection
	GlobalSection(SolutionProperties) = preSolution
		HideSolutionNode = FALSE
	EndGlobalSection
	GlobalSection(ExtensibilityGlobals) = postSolution
		SolutionGuid = {B73BEB12-D4D4-4B3B-BAC8-2F1E5C6C6EFB}
	EndGlobalSection
EndGlobal
