
Microsoft Visual Studio Solution File, Format Version 12.00
# Visual Studio Version 17
VisualStudioVersion = 17.7.34009.444
MinimumVisualStudioVersion = 10.0.40219.1
Project("{FAE04EC0-301F-11D3-BF4B-00C04F79EFBC}") = "ConstantSInCSharp", "ConstantSInCSharp\ConstantSInCSharp.csproj", "{CC8CE7D8-90F6-4C13-A0E8-24D89FA59F1A}"
EndProject
Global
	GlobalSection(SolutionConfigurationPlatforms) = preSolution
		Debug|Any CPU = Debug|Any CPU
		Release|Any CPU = Release|Any CPU
	EndGlobalSection
	GlobalSection(ProjectConfigurationPlatforms) = postSolution
		{CC8CE7D8-90F6-4C13-A0E8-24D89FA59F1A}.Debug|Any CPU.ActiveCfg = Debug|Any CPU
		{CC8CE7D8-90F6-4C13-A0E8-24D89FA59F1A}.Debug|Any CPU.Build.0 = Debug|Any CPU
		{CC8CE7D8-90F6-4C13-A0E8-24D89FA59F1A}.Release|Any CPU.ActiveCfg = Release|Any CPU
		{CC8CE7D8-90F6-4C13-A0E8-24D89FA59F1A}.Release|Any CPU.Build.0 = Release|Any CPU
	EndGlobalSection
	GlobalSection(SolutionProperties) = preSolution
		HideSolutionNode = FALSE
	EndGlobalSection
	GlobalSection(ExtensibilityGlobals) = postSolution
		SolutionGuid = {E44083D6-D1C9-4F32-8B7E-DDA57FA51538}
	EndGlobalSection
EndGlobal
