
Microsoft Visual Studio Solution File, Format Version 12.00
# Visual Studio Version 17
VisualStudioVersion = 17.5.33516.290
MinimumVisualStudioVersion = 10.0.40219.1
Project("{FAE04EC0-301F-11D3-BF4B-00C04F79EFBC}") = "GenericClassUsingDIAPI", "GenericClassUsingDIAPI\GenericClassUsingDIAPI.csproj", "{35564CE8-B628-43C3-A770-85DD7333FFA5}"
EndProject
Global
	GlobalSection(SolutionConfigurationPlatforms) = preSolution
		Debug|Any CPU = Debug|Any CPU
		Release|Any CPU = Release|Any CPU
	EndGlobalSection
	GlobalSection(ProjectConfigurationPlatforms) = postSolution
		{35564CE8-B628-43C3-A770-85DD7333FFA5}.Debug|Any CPU.ActiveCfg = Debug|Any CPU
		{35564CE8-B628-43C3-A770-85DD7333FFA5}.Debug|Any CPU.Build.0 = Debug|Any CPU
		{35564CE8-B628-43C3-A770-85DD7333FFA5}.Release|Any CPU.ActiveCfg = Release|Any CPU
		{35564CE8-B628-43C3-A770-85DD7333FFA5}.Release|Any CPU.Build.0 = Release|Any CPU
	EndGlobalSection
	GlobalSection(SolutionProperties) = preSolution
		HideSolutionNode = FALSE
	EndGlobalSection
	GlobalSection(ExtensibilityGlobals) = postSolution
		SolutionGuid = {6981487D-618D-40D9-92C6-04B9823091E6}
	EndGlobalSection
EndGlobal
