
Microsoft Visual Studio Solution File, Format Version 12.00
# Visual Studio Version 17
VisualStudioVersion = 17.7.34024.191
MinimumVisualStudioVersion = 10.0.40219.1
Project("{FAE04EC0-301F-11D3-BF4B-00C04F79EFBC}") = "FileHandling", "FileHandling\FileHandling.csproj", "{EF2500F9-D7FA-45FF-BEF3-BC1821C126EF}"
EndProject
Global
	GlobalSection(SolutionConfigurationPlatforms) = preSolution
		Debug|Any CPU = Debug|Any CPU
		Release|Any CPU = Release|Any CPU
	EndGlobalSection
	GlobalSection(ProjectConfigurationPlatforms) = postSolution
		{EF2500F9-D7FA-45FF-BEF3-BC1821C126EF}.Debug|Any CPU.ActiveCfg = Debug|Any CPU
		{EF2500F9-D7FA-45FF-BEF3-BC1821C126EF}.Debug|Any CPU.Build.0 = Debug|Any CPU
		{EF2500F9-D7FA-45FF-BEF3-BC1821C126EF}.Release|Any CPU.ActiveCfg = Release|Any CPU
		{EF2500F9-D7FA-45FF-BEF3-BC1821C126EF}.Release|Any CPU.Build.0 = Release|Any CPU
	EndGlobalSection
	GlobalSection(SolutionProperties) = preSolution
		HideSolutionNode = FALSE
	EndGlobalSection
	GlobalSection(ExtensibilityGlobals) = postSolution
		SolutionGuid = {345168AE-7922-40FB-835C-54F6C42BF99A}
	EndGlobalSection
EndGlobal
