
Microsoft Visual Studio Solution File, Format Version 12.00
# Visual Studio Version 17
VisualStudioVersion = 17.5.33516.290
MinimumVisualStudioVersion = 10.0.40219.1
Project("{FAE04EC0-301F-11D3-BF4B-00C04F79EFBC}") = "SeriLogDemo", "SeriLogDemo\SeriLogDemo.csproj", "{B4553870-483C-4D7E-993B-23BB7E0EBEFF}"
EndProject
Global
	GlobalSection(SolutionConfigurationPlatforms) = preSolution
		Debug|Any CPU = Debug|Any CPU
		Release|Any CPU = Release|Any CPU
	EndGlobalSection
	GlobalSection(ProjectConfigurationPlatforms) = postSolution
		{B4553870-483C-4D7E-993B-23BB7E0EBEFF}.Debug|Any CPU.ActiveCfg = Debug|Any CPU
		{B4553870-483C-4D7E-993B-23BB7E0EBEFF}.Debug|Any CPU.Build.0 = Debug|Any CPU
		{B4553870-483C-4D7E-993B-23BB7E0EBEFF}.Release|Any CPU.ActiveCfg = Release|Any CPU
		{B4553870-483C-4D7E-993B-23BB7E0EBEFF}.Release|Any CPU.Build.0 = Release|Any CPU
	EndGlobalSection
	GlobalSection(SolutionProperties) = preSolution
		HideSolutionNode = FALSE
	EndGlobalSection
	GlobalSection(ExtensibilityGlobals) = postSolution
		SolutionGuid = {F58D0103-376F-4AD5-8C29-49456FBB9E83}
	EndGlobalSection
EndGlobal
