
Microsoft Visual Studio Solution File, Format Version 12.00
# Visual Studio Version 17
VisualStudioVersion = 17.7.34009.444
MinimumVisualStudioVersion = 10.0.40219.1
Project("{FAE04EC0-301F-11D3-BF4B-00C04F79EFBC}") = "JumpStatements", "JumpStatements\JumpStatements.csproj", "{CEDF4E8A-BF35-4608-9F77-CAD5B990B785}"
EndProject
Global
	GlobalSection(SolutionConfigurationPlatforms) = preSolution
		Debug|Any CPU = Debug|Any CPU
		Release|Any CPU = Release|Any CPU
	EndGlobalSection
	GlobalSection(ProjectConfigurationPlatforms) = postSolution
		{CEDF4E8A-BF35-4608-9F77-CAD5B990B785}.Debug|Any CPU.ActiveCfg = Debug|Any CPU
		{CEDF4E8A-BF35-4608-9F77-CAD5B990B785}.Debug|Any CPU.Build.0 = Debug|Any CPU
		{CEDF4E8A-BF35-4608-9F77-CAD5B990B785}.Release|Any CPU.ActiveCfg = Release|Any CPU
		{CEDF4E8A-BF35-4608-9F77-CAD5B990B785}.Release|Any CPU.Build.0 = Release|Any CPU
	EndGlobalSection
	GlobalSection(SolutionProperties) = preSolution
		HideSolutionNode = FALSE
	EndGlobalSection
	GlobalSection(ExtensibilityGlobals) = postSolution
		SolutionGuid = {E88B98A9-A26C-4528-B73C-B312E3284339}
	EndGlobalSection
EndGlobal
