
Microsoft Visual Studio Solution File, Format Version 12.00
# Visual Studio Version 17
VisualStudioVersion = 17.5.33516.290
MinimumVisualStudioVersion = 10.0.40219.1
Project("{FAE04EC0-301F-11D3-BF4B-00C04F79EFBC}") = "LoggingUsingNLogAndLoggingProviders", "LoggingUsingNLogAndLoggingProviders\LoggingUsingNLogAndLoggingProviders.csproj", "{B069F5CE-5019-4250-805E-276F523A2E27}"
EndProject
Global
	GlobalSection(SolutionConfigurationPlatforms) = preSolution
		Debug|Any CPU = Debug|Any CPU
		Release|Any CPU = Release|Any CPU
	EndGlobalSection
	GlobalSection(ProjectConfigurationPlatforms) = postSolution
		{B069F5CE-5019-4250-805E-276F523A2E27}.Debug|Any CPU.ActiveCfg = Debug|Any CPU
		{B069F5CE-5019-4250-805E-276F523A2E27}.Debug|Any CPU.Build.0 = Debug|Any CPU
		{B069F5CE-5019-4250-805E-276F523A2E27}.Release|Any CPU.ActiveCfg = Release|Any CPU
		{B069F5CE-5019-4250-805E-276F523A2E27}.Release|Any CPU.Build.0 = Release|Any CPU
	EndGlobalSection
	GlobalSection(SolutionProperties) = preSolution
		HideSolutionNode = FALSE
	EndGlobalSection
	GlobalSection(ExtensibilityGlobals) = postSolution
		SolutionGuid = {0C543444-6C6E-4B09-BF80-94468D212C7D}
	EndGlobalSection
EndGlobal
