
Microsoft Visual Studio Solution File, Format Version 12.00
# Visual Studio Version 17
VisualStudioVersion = 17.7.34031.279
MinimumVisualStudioVersion = 10.0.40219.1
Project("{FAE04EC0-301F-11D3-BF4B-00C04F79EFBC}") = "PokemonReviewApp", "PokemonReviewApp\PokemonReviewApp.csproj", "{7A83E65D-9762-4738-9D4C-09E27330716B}"
EndProject
Global
	GlobalSection(SolutionConfigurationPlatforms) = preSolution
		Debug|Any CPU = Debug|Any CPU
		Release|Any CPU = Release|Any CPU
	EndGlobalSection
	GlobalSection(ProjectConfigurationPlatforms) = postSolution
		{7A83E65D-9762-4738-9D4C-09E27330716B}.Debug|Any CPU.ActiveCfg = Debug|Any CPU
		{7A83E65D-9762-4738-9D4C-09E27330716B}.Debug|Any CPU.Build.0 = Debug|Any CPU
		{7A83E65D-9762-4738-9D4C-09E27330716B}.Release|Any CPU.ActiveCfg = Release|Any CPU
		{7A83E65D-9762-4738-9D4C-09E27330716B}.Release|Any CPU.Build.0 = Release|Any CPU
	EndGlobalSection
	GlobalSection(SolutionProperties) = preSolution
		HideSolutionNode = FALSE
	EndGlobalSection
	GlobalSection(ExtensibilityGlobals) = postSolution
		SolutionGuid = {D83599C8-9764-4450-B71D-A3437FFE67BF}
	EndGlobalSection
EndGlobal
