
Microsoft Visual Studio Solution File, Format Version 12.00
# Visual Studio Version 17
VisualStudioVersion = 17.5.33516.290
MinimumVisualStudioVersion = 10.0.40219.1
Project("{FAE04EC0-301F-11D3-BF4B-00C04F79EFBC}") = "CustomWebAPIForDevExpress", "CustomWebAPIForDevExpress\CustomWebAPIForDevExpress.csproj", "{0FD172BA-5EAF-4EF9-A082-93357F816817}"
EndProject
Global
	GlobalSection(SolutionConfigurationPlatforms) = preSolution
		Debug|Any CPU = Debug|Any CPU
		Release|Any CPU = Release|Any CPU
	EndGlobalSection
	GlobalSection(ProjectConfigurationPlatforms) = postSolution
		{0FD172BA-5EAF-4EF9-A082-93357F816817}.Debug|Any CPU.ActiveCfg = Debug|Any CPU
		{0FD172BA-5EAF-4EF9-A082-93357F816817}.Debug|Any CPU.Build.0 = Debug|Any CPU
		{0FD172BA-5EAF-4EF9-A082-93357F816817}.Release|Any CPU.ActiveCfg = Release|Any CPU
		{0FD172BA-5EAF-4EF9-A082-93357F816817}.Release|Any CPU.Build.0 = Release|Any CPU
	EndGlobalSection
	GlobalSection(SolutionProperties) = preSolution
		HideSolutionNode = FALSE
	EndGlobalSection
	GlobalSection(ExtensibilityGlobals) = postSolution
		SolutionGuid = {41A288CA-30B9-414D-8DB1-1BF820965DB5}
	EndGlobalSection
EndGlobal
