
Microsoft Visual Studio Solution File, Format Version 12.00
# Visual Studio Version 17
VisualStudioVersion = 17.7.34031.279
MinimumVisualStudioVersion = 10.0.40219.1
Project("{FAE04EC0-301F-11D3-BF4B-00C04F79EFBC}") = "PropertyInjection", "PropertyInjection\PropertyInjection.csproj", "{EE852AEE-7877-4C4E-B809-1F43B825E73E}"
EndProject
Global
	GlobalSection(SolutionConfigurationPlatforms) = preSolution
		Debug|Any CPU = Debug|Any CPU
		Release|Any CPU = Release|Any CPU
	EndGlobalSection
	GlobalSection(ProjectConfigurationPlatforms) = postSolution
		{EE852AEE-7877-4C4E-B809-1F43B825E73E}.Debug|Any CPU.ActiveCfg = Debug|Any CPU
		{EE852AEE-7877-4C4E-B809-1F43B825E73E}.Debug|Any CPU.Build.0 = Debug|Any CPU
		{EE852AEE-7877-4C4E-B809-1F43B825E73E}.Release|Any CPU.ActiveCfg = Release|Any CPU
		{EE852AEE-7877-4C4E-B809-1F43B825E73E}.Release|Any CPU.Build.0 = Release|Any CPU
	EndGlobalSection
	GlobalSection(SolutionProperties) = preSolution
		HideSolutionNode = FALSE
	EndGlobalSection
	GlobalSection(ExtensibilityGlobals) = postSolution
		SolutionGuid = {8D51155E-0A78-488B-A4CC-685ED42C68E4}
	EndGlobalSection
EndGlobal
