
Microsoft Visual Studio Solution File, Format Version 12.00
# Visual Studio Version 17
VisualStudioVersion = 17.7.34009.444
MinimumVisualStudioVersion = 10.0.40219.1
Project("{FAE04EC0-301F-11D3-BF4B-00C04F79EFBC}") = "DateAndTimeFormatSpecifier", "DateAndTimeFormatSpecifier\DateAndTimeFormatSpecifier.csproj", "{A5C72A27-4070-454E-BAEA-10EA4D0AF49D}"
EndProject
Global
	GlobalSection(SolutionConfigurationPlatforms) = preSolution
		Debug|Any CPU = Debug|Any CPU
		Release|Any CPU = Release|Any CPU
	EndGlobalSection
	GlobalSection(ProjectConfigurationPlatforms) = postSolution
		{A5C72A27-4070-454E-BAEA-10EA4D0AF49D}.Debug|Any CPU.ActiveCfg = Debug|Any CPU
		{A5C72A27-4070-454E-BAEA-10EA4D0AF49D}.Debug|Any CPU.Build.0 = Debug|Any CPU
		{A5C72A27-4070-454E-BAEA-10EA4D0AF49D}.Release|Any CPU.ActiveCfg = Release|Any CPU
		{A5C72A27-4070-454E-BAEA-10EA4D0AF49D}.Release|Any CPU.Build.0 = Release|Any CPU
	EndGlobalSection
	GlobalSection(SolutionProperties) = preSolution
		HideSolutionNode = FALSE
	EndGlobalSection
	GlobalSection(ExtensibilityGlobals) = postSolution
		SolutionGuid = {C3B49208-4838-49F1-A991-917C00C589C6}
	EndGlobalSection
EndGlobal
