
Microsoft Visual Studio Solution File, Format Version 12.00
# Visual Studio Version 17
VisualStudioVersion = 17.7.34031.279
MinimumVisualStudioVersion = 10.0.40219.1
Project("{FAE04EC0-301F-11D3-BF4B-00C04F79EFBC}") = "ConstructorInjection", "ConstructorInjection\ConstructorInjection.csproj", "{491027CC-7279-49BC-BBCF-BA678254A252}"
EndProject
Global
	GlobalSection(SolutionConfigurationPlatforms) = preSolution
		Debug|Any CPU = Debug|Any CPU
		Release|Any CPU = Release|Any CPU
	EndGlobalSection
	GlobalSection(ProjectConfigurationPlatforms) = postSolution
		{491027CC-7279-49BC-BBCF-BA678254A252}.Debug|Any CPU.ActiveCfg = Debug|Any CPU
		{491027CC-7279-49BC-BBCF-BA678254A252}.Debug|Any CPU.Build.0 = Debug|Any CPU
		{491027CC-7279-49BC-BBCF-BA678254A252}.Release|Any CPU.ActiveCfg = Release|Any CPU
		{491027CC-7279-49BC-BBCF-BA678254A252}.Release|Any CPU.Build.0 = Release|Any CPU
	EndGlobalSection
	GlobalSection(SolutionProperties) = preSolution
		HideSolutionNode = FALSE
	EndGlobalSection
	GlobalSection(ExtensibilityGlobals) = postSolution
		SolutionGuid = {04B89E68-F22E-47DE-A068-F6D8B80EA87C}
	EndGlobalSection
EndGlobal
